// !$*UTF8*$!
{
	archiveVersion = 1;
	classes = {
	};
	objectVersion = 46;
	objects = {

/* Begin PBXBuildFile section */
		180D49D11E7C772B00B24080 /* SideMenuDataModel.swift in Sources */ = {isa = PBXBuildFile; fileRef = 180D49D01E7C772B00B24080 /* SideMenuDataModel.swift */; };
		180D49D61E7C79E300B24080 /* RxCocoa.framework in Frameworks */ = {isa = PBXBuildFile; fileRef = 180D49D41E7C79E300B24080 /* RxCocoa.framework */; };
		180D49D71E7C79E300B24080 /* RxSwift.framework in Frameworks */ = {isa = PBXBuildFile; fileRef = 180D49D51E7C79E300B24080 /* RxSwift.framework */; };
		180D49D91E7C920A00B24080 /* SearchModel.swift in Sources */ = {isa = PBXBuildFile; fileRef = 180D49D81E7C920A00B24080 /* SearchModel.swift */; };
		181316EF1E50A7BF00910ADB /* Main.storyboard in Resources */ = {isa = PBXBuildFile; fileRef = 181316EE1E50A7BF00910ADB /* Main.storyboard */; };
		181316F51E51A89D00910ADB /* SearchTableViewCell.swift in Sources */ = {isa = PBXBuildFile; fileRef = 181316F41E51A89D00910ADB /* SearchTableViewCell.swift */; };
		181316F71E51C7CB00910ADB /* DelvoMethods.swift in Sources */ = {isa = PBXBuildFile; fileRef = 181316F61E51C7CA00910ADB /* DelvoMethods.swift */; };
		181C01A91E81968D002DD9AF /* UserNotifications.framework in Frameworks */ = {isa = PBXBuildFile; fileRef = 181C01A81E81968D002DD9AF /* UserNotifications.framework */; };
		181E64061E70076300918739 /* Model.swift in Sources */ = {isa = PBXBuildFile; fileRef = 181E64051E70076300918739 /* Model.swift */; };
		1854BD791E52233A00AB9F55 /* ApiParsing.swift in Sources */ = {isa = PBXBuildFile; fileRef = 1854BD781E52233A00AB9F55 /* ApiParsing.swift */; };
		1888D3681E681539009FEBA0 /* MyOrders.storyboard in Resources */ = {isa = PBXBuildFile; fileRef = 1888D3671E681539009FEBA0 /* MyOrders.storyboard */; };
		1888D36C1E68192A009FEBA0 /* MyOrdersVC.swift in Sources */ = {isa = PBXBuildFile; fileRef = 1888D36B1E68192A009FEBA0 /* MyOrdersVC.swift */; };
		1888D36F1E68295B009FEBA0 /* MyOrderCell.swift in Sources */ = {isa = PBXBuildFile; fileRef = 1888D36D1E68295B009FEBA0 /* MyOrderCell.swift */; };
		1888D3701E68295B009FEBA0 /* MyOrderCell.xib in Resources */ = {isa = PBXBuildFile; fileRef = 1888D36E1E68295B009FEBA0 /* MyOrderCell.xib */; };
		188CDBEB1E9B9CC70054EDCE /* CollectionViewController.swift in Sources */ = {isa = PBXBuildFile; fileRef = 188CDBEA1E9B9CC70054EDCE /* CollectionViewController.swift */; };
		188E1FCC1E59B99B009508CD /* UIColor+AddColor.swift in Sources */ = {isa = PBXBuildFile; fileRef = 188E1FCB1E59B99B009508CD /* UIColor+AddColor.swift */; };
		188FF02E1E9CECC7002CEEDF /* PlanCollectionCell.swift in Sources */ = {isa = PBXBuildFile; fileRef = 188FF02D1E9CECC7002CEEDF /* PlanCollectionCell.swift */; };
		188FF2F91E9E1B3000C7A6A1 /* UserSetPasswordVc.swift in Sources */ = {isa = PBXBuildFile; fileRef = 188FF2F81E9E1B3000C7A6A1 /* UserSetPasswordVc.swift */; };
		188FF2FD1E9E5C7F00C7A6A1 /* FBSDKCoreKit.framework in Frameworks */ = {isa = PBXBuildFile; fileRef = 188FF2FB1E9E5C7F00C7A6A1 /* FBSDKCoreKit.framework */; };
		188FF2FE1E9E5C8000C7A6A1 /* FBSDKLoginKit.framework in Frameworks */ = {isa = PBXBuildFile; fileRef = 188FF2FC1E9E5C7F00C7A6A1 /* FBSDKLoginKit.framework */; };
		188FF30A1E9F4AC300C7A6A1 /* Bolts.framework in Frameworks */ = {isa = PBXBuildFile; fileRef = 188FF3091E9F4AC300C7A6A1 /* Bolts.framework */; };
		189289EA1E66E07400892ACC /* OrderDescClassMethods.swift in Sources */ = {isa = PBXBuildFile; fileRef = 189289E91E66E07400892ACC /* OrderDescClassMethods.swift */; };
		1893A1701EA9E99E005589E1 /* VerifyUser.swift in Sources */ = {isa = PBXBuildFile; fileRef = 1893A16F1EA9E99E005589E1 /* VerifyUser.swift */; };
		18A30B6B1E92273E0062BB57 /* UserSignIn.swift in Sources */ = {isa = PBXBuildFile; fileRef = 18A30B6A1E92273E0062BB57 /* UserSignIn.swift */; };
		18A30B731E9269340062BB57 /* UserSignUpVC.swift in Sources */ = {isa = PBXBuildFile; fileRef = 18A30B721E9269340062BB57 /* UserSignUpVC.swift */; };
		18AA995C1E5B02EE004EECD3 /* UIImageView+ChangeTintColor.swift in Sources */ = {isa = PBXBuildFile; fileRef = 18AA995B1E5B02EE004EECD3 /* UIImageView+ChangeTintColor.swift */; };
		18BBBD071EA7786000DBD57E /* PickUpDetails.swift in Sources */ = {isa = PBXBuildFile; fileRef = 18BBBD061EA7786000DBD57E /* PickUpDetails.swift */; };
		18BBBD091EA7985700DBD57E /* InitialVc.swift in Sources */ = {isa = PBXBuildFile; fileRef = 18BBBD081EA7985700DBD57E /* InitialVc.swift */; };
		18C424351E4F8D4D005E5546 /* AppDelegate.swift in Sources */ = {isa = PBXBuildFile; fileRef = 18C424341E4F8D4D005E5546 /* AppDelegate.swift */; };
		18C4243C1E4F8D4D005E5546 /* Assets.xcassets in Resources */ = {isa = PBXBuildFile; fileRef = 18C4243B1E4F8D4D005E5546 /* Assets.xcassets */; };
		18C4243F1E4F8D4D005E5546 /* LaunchScreen.storyboard in Resources */ = {isa = PBXBuildFile; fileRef = 18C4243D1E4F8D4D005E5546 /* LaunchScreen.storyboard */; };
		18C4244C1E4FA20C005E5546 /* SWRevealViewController.m in Sources */ = {isa = PBXBuildFile; fileRef = 18C4244B1E4FA20C005E5546 /* SWRevealViewController.m */; };
		18C4244F1E4FA290005E5546 /* MapViewController.swift in Sources */ = {isa = PBXBuildFile; fileRef = 18C4244E1E4FA290005E5546 /* MapViewController.swift */; };
		18C424511E4FA46F005E5546 /* PickUpViewController.swift in Sources */ = {isa = PBXBuildFile; fileRef = 18C424501E4FA46F005E5546 /* PickUpViewController.swift */; };
		18C424531E4FA738005E5546 /* DropViewController.swift in Sources */ = {isa = PBXBuildFile; fileRef = 18C424521E4FA738005E5546 /* DropViewController.swift */; };
		18C424551E4FA899005E5546 /* SearchViewController.swift in Sources */ = {isa = PBXBuildFile; fileRef = 18C424541E4FA899005E5546 /* SearchViewController.swift */; };
		18C424571E4FACCF005E5546 /* OrderDescriptionViewController.swift in Sources */ = {isa = PBXBuildFile; fileRef = 18C424561E4FACCF005E5546 /* OrderDescriptionViewController.swift */; };
		18C424591E4FAE36005E5546 /* Geocoding.swift in Sources */ = {isa = PBXBuildFile; fileRef = 18C424581E4FAE36005E5546 /* Geocoding.swift */; };
		18C4245B1E4FAE9E005E5546 /* SideMenuViewController.swift in Sources */ = {isa = PBXBuildFile; fileRef = 18C4245A1E4FAE9E005E5546 /* SideMenuViewController.swift */; };
		18C4245D1E4FAF99005E5546 /* SideTableCell.swift in Sources */ = {isa = PBXBuildFile; fileRef = 18C4245C1E4FAF99005E5546 /* SideTableCell.swift */; };
		18CFDB2C1EA885C100CF0538 /* DropDetailsVc.swift in Sources */ = {isa = PBXBuildFile; fileRef = 18CFDB2B1EA885C100CF0538 /* DropDetailsVc.swift */; };
		18D7FE4A1E962B05008E387F /* MyProfile.storyboard in Resources */ = {isa = PBXBuildFile; fileRef = 18D7FE491E962B05008E387F /* MyProfile.storyboard */; };
		18D7FE4C1E962B2F008E387F /* MyProfileVc.swift in Sources */ = {isa = PBXBuildFile; fileRef = 18D7FE4B1E962B2F008E387F /* MyProfileVc.swift */; };
		18F024F11EA4C4B700088A9F /* MapStyle.json in Resources */ = {isa = PBXBuildFile; fileRef = 18F024F01EA4C4B700088A9F /* MapStyle.json */; };
		8CA9D12DA167A4DF86AF4026 /* Pods_Delvo.framework in Frameworks */ = {isa = PBXBuildFile; fileRef = 440E8FC52CBF8C1539CC8F7C /* Pods_Delvo.framework */; };
/* End PBXBuildFile section */

/* Begin PBXFileReference section */
		0D64B710A25DDD50246B318D /* Pods-Delvo.release.xcconfig */ = {isa = PBXFileReference; includeInIndex = 1; lastKnownFileType = text.xcconfig; name = "Pods-Delvo.release.xcconfig"; path = "Pods/Target Support Files/Pods-Delvo/Pods-Delvo.release.xcconfig"; sourceTree = "<group>"; };
		180D49D01E7C772B00B24080 /* SideMenuDataModel.swift */ = {isa = PBXFileReference; fileEncoding = 4; lastKnownFileType = sourcecode.swift; path = SideMenuDataModel.swift; sourceTree = "<group>"; };
		180D49D41E7C79E300B24080 /* RxCocoa.framework */ = {isa = PBXFileReference; lastKnownFileType = wrapper.framework; name = RxCocoa.framework; path = "../../Library/Developer/Xcode/DerivedData/Delvo-earudflsgahwemgpfmmcbpccokhw/Build/Products/Debug-iphonesimulator/RxCocoa/RxCocoa.framework"; sourceTree = "<group>"; };
		180D49D51E7C79E300B24080 /* RxSwift.framework */ = {isa = PBXFileReference; lastKnownFileType = wrapper.framework; name = RxSwift.framework; path = "../../Library/Developer/Xcode/DerivedData/Delvo-earudflsgahwemgpfmmcbpccokhw/Build/Products/Debug-iphonesimulator/RxSwift/RxSwift.framework"; sourceTree = "<group>"; };
		180D49D81E7C920A00B24080 /* SearchModel.swift */ = {isa = PBXFileReference; fileEncoding = 4; lastKnownFileType = sourcecode.swift; path = SearchModel.swift; sourceTree = "<group>"; };
		181316EE1E50A7BF00910ADB /* Main.storyboard */ = {isa = PBXFileReference; fileEncoding = 4; lastKnownFileType = file.storyboard; path = Main.storyboard; sourceTree = "<group>"; };
		181316F41E51A89D00910ADB /* SearchTableViewCell.swift */ = {isa = PBXFileReference; fileEncoding = 4; lastKnownFileType = sourcecode.swift; path = SearchTableViewCell.swift; sourceTree = "<group>"; };
		181316F61E51C7CA00910ADB /* DelvoMethods.swift */ = {isa = PBXFileReference; fileEncoding = 4; lastKnownFileType = sourcecode.swift; path = DelvoMethods.swift; sourceTree = "<group>"; };
		181C01A81E81968D002DD9AF /* UserNotifications.framework */ = {isa = PBXFileReference; lastKnownFileType = wrapper.framework; name = UserNotifications.framework; path = System/Library/Frameworks/UserNotifications.framework; sourceTree = SDKROOT; };
		181E64051E70076300918739 /* Model.swift */ = {isa = PBXFileReference; fileEncoding = 4; lastKnownFileType = sourcecode.swift; path = Model.swift; sourceTree = "<group>"; };
		1854BD781E52233A00AB9F55 /* ApiParsing.swift */ = {isa = PBXFileReference; fileEncoding = 4; lastKnownFileType = sourcecode.swift; name = ApiParsing.swift; path = ../ApiParsing.swift; sourceTree = "<group>"; };
		1888D3671E681539009FEBA0 /* MyOrders.storyboard */ = {isa = PBXFileReference; fileEncoding = 4; lastKnownFileType = file.storyboard; path = MyOrders.storyboard; sourceTree = "<group>"; };
		1888D36B1E68192A009FEBA0 /* MyOrdersVC.swift */ = {isa = PBXFileReference; fileEncoding = 4; lastKnownFileType = sourcecode.swift; path = MyOrdersVC.swift; sourceTree = "<group>"; };
		1888D36D1E68295B009FEBA0 /* MyOrderCell.swift */ = {isa = PBXFileReference; fileEncoding = 4; lastKnownFileType = sourcecode.swift; path = MyOrderCell.swift; sourceTree = "<group>"; };
		1888D36E1E68295B009FEBA0 /* MyOrderCell.xib */ = {isa = PBXFileReference; fileEncoding = 4; lastKnownFileType = file.xib; path = MyOrderCell.xib; sourceTree = "<group>"; };
		188CDBEA1E9B9CC70054EDCE /* CollectionViewController.swift */ = {isa = PBXFileReference; fileEncoding = 4; lastKnownFileType = sourcecode.swift; path = CollectionViewController.swift; sourceTree = "<group>"; };
		188E1FCB1E59B99B009508CD /* UIColor+AddColor.swift */ = {isa = PBXFileReference; fileEncoding = 4; lastKnownFileType = sourcecode.swift; name = "UIColor+AddColor.swift"; path = "../UIColor+AddColor.swift"; sourceTree = "<group>"; };
		188FF02D1E9CECC7002CEEDF /* PlanCollectionCell.swift */ = {isa = PBXFileReference; fileEncoding = 4; lastKnownFileType = sourcecode.swift; path = PlanCollectionCell.swift; sourceTree = "<group>"; };
		188FF2F81E9E1B3000C7A6A1 /* UserSetPasswordVc.swift */ = {isa = PBXFileReference; fileEncoding = 4; lastKnownFileType = sourcecode.swift; path = UserSetPasswordVc.swift; sourceTree = "<group>"; };
		188FF2FB1E9E5C7F00C7A6A1 /* FBSDKCoreKit.framework */ = {isa = PBXFileReference; lastKnownFileType = wrapper.framework; path = FBSDKCoreKit.framework; sourceTree = "<group>"; };
		188FF2FC1E9E5C7F00C7A6A1 /* FBSDKLoginKit.framework */ = {isa = PBXFileReference; lastKnownFileType = wrapper.framework; path = FBSDKLoginKit.framework; sourceTree = "<group>"; };
		188FF3091E9F4AC300C7A6A1 /* Bolts.framework */ = {isa = PBXFileReference; lastKnownFileType = wrapper.framework; path = Bolts.framework; sourceTree = "<group>"; };
		189289E91E66E07400892ACC /* OrderDescClassMethods.swift */ = {isa = PBXFileReference; fileEncoding = 4; lastKnownFileType = sourcecode.swift; path = OrderDescClassMethods.swift; sourceTree = "<group>"; };
		1893A16F1EA9E99E005589E1 /* VerifyUser.swift */ = {isa = PBXFileReference; fileEncoding = 4; lastKnownFileType = sourcecode.swift; path = VerifyUser.swift; sourceTree = "<group>"; };
		18A190981E8142AF00AAC44B /* Delvo.entitlements */ = {isa = PBXFileReference; lastKnownFileType = text.plist.entitlements; path = Delvo.entitlements; sourceTree = "<group>"; };
		18A30B6A1E92273E0062BB57 /* UserSignIn.swift */ = {isa = PBXFileReference; fileEncoding = 4; lastKnownFileType = sourcecode.swift; path = UserSignIn.swift; sourceTree = "<group>"; };
		18A30B721E9269340062BB57 /* UserSignUpVC.swift */ = {isa = PBXFileReference; fileEncoding = 4; lastKnownFileType = sourcecode.swift; path = UserSignUpVC.swift; sourceTree = "<group>"; };
		18AA995B1E5B02EE004EECD3 /* UIImageView+ChangeTintColor.swift */ = {isa = PBXFileReference; fileEncoding = 4; lastKnownFileType = sourcecode.swift; name = "UIImageView+ChangeTintColor.swift"; path = "../UIImageView+ChangeTintColor.swift"; sourceTree = "<group>"; };
		18BBBD061EA7786000DBD57E /* PickUpDetails.swift */ = {isa = PBXFileReference; fileEncoding = 4; lastKnownFileType = sourcecode.swift; path = PickUpDetails.swift; sourceTree = "<group>"; };
		18BBBD081EA7985700DBD57E /* InitialVc.swift */ = {isa = PBXFileReference; fileEncoding = 4; lastKnownFileType = sourcecode.swift; path = InitialVc.swift; sourceTree = "<group>"; };
		18C424311E4F8D4D005E5546 /* Delvo.app */ = {isa = PBXFileReference; explicitFileType = wrapper.application; includeInIndex = 0; path = Delvo.app; sourceTree = BUILT_PRODUCTS_DIR; };
		18C424341E4F8D4D005E5546 /* AppDelegate.swift */ = {isa = PBXFileReference; lastKnownFileType = sourcecode.swift; path = AppDelegate.swift; sourceTree = "<group>"; };
		18C4243B1E4F8D4D005E5546 /* Assets.xcassets */ = {isa = PBXFileReference; lastKnownFileType = folder.assetcatalog; path = Assets.xcassets; sourceTree = "<group>"; };
		18C4243E1E4F8D4D005E5546 /* Base */ = {isa = PBXFileReference; lastKnownFileType = file.storyboard; name = Base; path = Base.lproj/LaunchScreen.storyboard; sourceTree = "<group>"; };
		18C424401E4F8D4D005E5546 /* Info.plist */ = {isa = PBXFileReference; lastKnownFileType = text.plist.xml; path = Info.plist; sourceTree = "<group>"; };
		18C424491E4FA20B005E5546 /* Delvo-Bridging-Header.h */ = {isa = PBXFileReference; lastKnownFileType = sourcecode.c.h; path = "Delvo-Bridging-Header.h"; sourceTree = "<group>"; };
		18C4244A1E4FA20C005E5546 /* SWRevealViewController.h */ = {isa = PBXFileReference; fileEncoding = 4; lastKnownFileType = sourcecode.c.h; path = SWRevealViewController.h; sourceTree = "<group>"; };
		18C4244B1E4FA20C005E5546 /* SWRevealViewController.m */ = {isa = PBXFileReference; fileEncoding = 4; lastKnownFileType = sourcecode.c.objc; path = SWRevealViewController.m; sourceTree = "<group>"; };
		18C4244E1E4FA290005E5546 /* MapViewController.swift */ = {isa = PBXFileReference; fileEncoding = 4; lastKnownFileType = sourcecode.swift; path = MapViewController.swift; sourceTree = "<group>"; };
		18C424501E4FA46F005E5546 /* PickUpViewController.swift */ = {isa = PBXFileReference; fileEncoding = 4; lastKnownFileType = sourcecode.swift; path = PickUpViewController.swift; sourceTree = "<group>"; };
		18C424521E4FA738005E5546 /* DropViewController.swift */ = {isa = PBXFileReference; fileEncoding = 4; lastKnownFileType = sourcecode.swift; path = DropViewController.swift; sourceTree = "<group>"; };
		18C424541E4FA899005E5546 /* SearchViewController.swift */ = {isa = PBXFileReference; fileEncoding = 4; lastKnownFileType = sourcecode.swift; path = SearchViewController.swift; sourceTree = "<group>"; };
		18C424561E4FACCF005E5546 /* OrderDescriptionViewController.swift */ = {isa = PBXFileReference; fileEncoding = 4; lastKnownFileType = sourcecode.swift; path = OrderDescriptionViewController.swift; sourceTree = "<group>"; };
		18C424581E4FAE36005E5546 /* Geocoding.swift */ = {isa = PBXFileReference; fileEncoding = 4; lastKnownFileType = sourcecode.swift; path = Geocoding.swift; sourceTree = "<group>"; };
		18C4245A1E4FAE9E005E5546 /* SideMenuViewController.swift */ = {isa = PBXFileReference; fileEncoding = 4; lastKnownFileType = sourcecode.swift; path = SideMenuViewController.swift; sourceTree = "<group>"; };
		18C4245C1E4FAF99005E5546 /* SideTableCell.swift */ = {isa = PBXFileReference; fileEncoding = 4; lastKnownFileType = sourcecode.swift; path = SideTableCell.swift; sourceTree = "<group>"; };
		18CFDB2B1EA885C100CF0538 /* DropDetailsVc.swift */ = {isa = PBXFileReference; fileEncoding = 4; lastKnownFileType = sourcecode.swift; path = DropDetailsVc.swift; sourceTree = "<group>"; };
		18D7FE491E962B05008E387F /* MyProfile.storyboard */ = {isa = PBXFileReference; fileEncoding = 4; lastKnownFileType = file.storyboard; path = MyProfile.storyboard; sourceTree = "<group>"; };
		18D7FE4B1E962B2F008E387F /* MyProfileVc.swift */ = {isa = PBXFileReference; fileEncoding = 4; lastKnownFileType = sourcecode.swift; path = MyProfileVc.swift; sourceTree = "<group>"; };
		18F024F01EA4C4B700088A9F /* MapStyle.json */ = {isa = PBXFileReference; fileEncoding = 4; lastKnownFileType = text.json; path = MapStyle.json; sourceTree = "<group>"; };
		440E8FC52CBF8C1539CC8F7C /* Pods_Delvo.framework */ = {isa = PBXFileReference; explicitFileType = wrapper.framework; includeInIndex = 0; path = Pods_Delvo.framework; sourceTree = BUILT_PRODUCTS_DIR; };
		7C95A5EDFAE3A0C92D03F3C2 /* Pods-Delvo.debug.xcconfig */ = {isa = PBXFileReference; includeInIndex = 1; lastKnownFileType = text.xcconfig; name = "Pods-Delvo.debug.xcconfig"; path = "Pods/Target Support Files/Pods-Delvo/Pods-Delvo.debug.xcconfig"; sourceTree = "<group>"; };
/* End PBXFileReference section */

/* Begin PBXFrameworksBuildPhase section */
		18C4242E1E4F8D4D005E5546 /* Frameworks */ = {
			isa = PBXFrameworksBuildPhase;
			buildActionMask = 2147483647;
			files = (
				188FF2FD1E9E5C7F00C7A6A1 /* FBSDKCoreKit.framework in Frameworks */,
				181C01A91E81968D002DD9AF /* UserNotifications.framework in Frameworks */,
				188FF2FE1E9E5C8000C7A6A1 /* FBSDKLoginKit.framework in Frameworks */,
				180D49D61E7C79E300B24080 /* RxCocoa.framework in Frameworks */,
				180D49D71E7C79E300B24080 /* RxSwift.framework in Frameworks */,
				8CA9D12DA167A4DF86AF4026 /* Pods_Delvo.framework in Frameworks */,
				188FF30A1E9F4AC300C7A6A1 /* Bolts.framework in Frameworks */,
			);
			runOnlyForDeploymentPostprocessing = 0;
		};
/* End PBXFrameworksBuildPhase section */

/* Begin PBXGroup section */
		1854BD7A1E524D4F00AB9F55 /* TableCells */ = {
			isa = PBXGroup;
			children = (
				181316F41E51A89D00910ADB /* SearchTableViewCell.swift */,
				18C4245C1E4FAF99005E5546 /* SideTableCell.swift */,
				188FF02D1E9CECC7002CEEDF /* PlanCollectionCell.swift */,
			);
			name = TableCells;
			sourceTree = "<group>";
		};
		1854BD7B1E524E7100AB9F55 /* Classe */ = {
			isa = PBXGroup;
			children = (
				18C424581E4FAE36005E5546 /* Geocoding.swift */,
				1854BD781E52233A00AB9F55 /* ApiParsing.swift */,
				181316F61E51C7CA00910ADB /* DelvoMethods.swift */,
				189289E91E66E07400892ACC /* OrderDescClassMethods.swift */,
				181E64051E70076300918739 /* Model.swift */,
				180D49D01E7C772B00B24080 /* SideMenuDataModel.swift */,
				180D49D81E7C920A00B24080 /* SearchModel.swift */,
			);
			name = Classe;
			sourceTree = "<group>";
		};
		1888D3611E681451009FEBA0 /* SideMenu */ = {
			isa = PBXGroup;
			children = (
				18C4245A1E4FAE9E005E5546 /* SideMenuViewController.swift */,
				18D7FE481E962AE3008E387F /* My Profile */,
				1888D3621E681460009FEBA0 /* MyOrders */,
			);
			name = SideMenu;
			sourceTree = "<group>";
		};
		1888D3621E681460009FEBA0 /* MyOrders */ = {
			isa = PBXGroup;
			children = (
				18A98EDC1E9517B40024F232 /* OrderCell */,
				1888D3671E681539009FEBA0 /* MyOrders.storyboard */,
				1888D36B1E68192A009FEBA0 /* MyOrdersVC.swift */,
			);
			name = MyOrders;
			sourceTree = "<group>";
		};
		188E1FCD1E59C284009508CD /* Extensions */ = {
			isa = PBXGroup;
			children = (
				188E1FCB1E59B99B009508CD /* UIColor+AddColor.swift */,
				18AA995B1E5B02EE004EECD3 /* UIImageView+ChangeTintColor.swift */,
			);
			name = Extensions;
			sourceTree = "<group>";
		};
		188FF2FA1E9E5C6B00C7A6A1 /* FaceBook */ = {
			isa = PBXGroup;
			children = (
				188FF3091E9F4AC300C7A6A1 /* Bolts.framework */,
				188FF2FB1E9E5C7F00C7A6A1 /* FBSDKCoreKit.framework */,
				188FF2FC1E9E5C7F00C7A6A1 /* FBSDKLoginKit.framework */,
			);
			name = FaceBook;
			sourceTree = "<group>";
		};
		18A98EDC1E9517B40024F232 /* OrderCell */ = {
			isa = PBXGroup;
			children = (
				1888D36D1E68295B009FEBA0 /* MyOrderCell.swift */,
				1888D36E1E68295B009FEBA0 /* MyOrderCell.xib */,
			);
			name = OrderCell;
			sourceTree = "<group>";
		};
		18C424281E4F8D4D005E5546 = {
			isa = PBXGroup;
			children = (
				18C424331E4F8D4D005E5546 /* Delvo */,
				18C424321E4F8D4D005E5546 /* Products */,
				F3033DC40CF87A730FF97B4D /* Pods */,
				81556365E9D7E803C8FBB927 /* Frameworks */,
			);
			sourceTree = "<group>";
		};
		18C424321E4F8D4D005E5546 /* Products */ = {
			isa = PBXGroup;
			children = (
				18C424311E4F8D4D005E5546 /* Delvo.app */,
			);
			name = Products;
			sourceTree = "<group>";
		};
		18C424331E4F8D4D005E5546 /* Delvo */ = {
			isa = PBXGroup;
			children = (
				18A190981E8142AF00AAC44B /* Delvo.entitlements */,
				18C424341E4F8D4D005E5546 /* AppDelegate.swift */,
				18C4243B1E4F8D4D005E5546 /* Assets.xcassets */,
				181316EE1E50A7BF00910ADB /* Main.storyboard */,
				18C4243D1E4F8D4D005E5546 /* LaunchScreen.storyboard */,
				18F024F01EA4C4B700088A9F /* MapStyle.json */,
				18C424401E4F8D4D005E5546 /* Info.plist */,
				188E1FCD1E59C284009508CD /* Extensions */,
				1854BD7B1E524E7100AB9F55 /* Classe */,
				1854BD7A1E524D4F00AB9F55 /* TableCells */,
				18C4244D1E4FA222005E5546 /* SWRevealViewController */,
				18C424621E4FB12D005E5546 /* ViewControllers */,
			);
			path = Delvo;
			sourceTree = "<group>";
		};
		18C4244D1E4FA222005E5546 /* SWRevealViewController */ = {
			isa = PBXGroup;
			children = (
				18C4244A1E4FA20C005E5546 /* SWRevealViewController.h */,
				18C4244B1E4FA20C005E5546 /* SWRevealViewController.m */,
				18C424491E4FA20B005E5546 /* Delvo-Bridging-Header.h */,
			);
			name = SWRevealViewController;
			sourceTree = "<group>";
		};
		18C424621E4FB12D005E5546 /* ViewControllers */ = {
			isa = PBXGroup;
			children = (
				188CDBEA1E9B9CC70054EDCE /* CollectionViewController.swift */,
				18BBBD081EA7985700DBD57E /* InitialVc.swift */,
				1888D3611E681451009FEBA0 /* SideMenu */,
				18C4244E1E4FA290005E5546 /* MapViewController.swift */,
				18C424501E4FA46F005E5546 /* PickUpViewController.swift */,
				18C424521E4FA738005E5546 /* DropViewController.swift */,
				18C424541E4FA899005E5546 /* SearchViewController.swift */,
				18C424561E4FACCF005E5546 /* OrderDescriptionViewController.swift */,
				18A30B6A1E92273E0062BB57 /* UserSignIn.swift */,
				18A30B721E9269340062BB57 /* UserSignUpVC.swift */,
				188FF2F81E9E1B3000C7A6A1 /* UserSetPasswordVc.swift */,
				18BBBD061EA7786000DBD57E /* PickUpDetails.swift */,
				18CFDB2B1EA885C100CF0538 /* DropDetailsVc.swift */,
				1893A16F1EA9E99E005589E1 /* VerifyUser.swift */,
			);
			name = ViewControllers;
			sourceTree = "<group>";
		};
		18D7FE481E962AE3008E387F /* My Profile */ = {
			isa = PBXGroup;
			children = (
				18D7FE491E962B05008E387F /* MyProfile.storyboard */,
				18D7FE4B1E962B2F008E387F /* MyProfileVc.swift */,
			);
			name = "My Profile";
			sourceTree = "<group>";
		};
		81556365E9D7E803C8FBB927 /* Frameworks */ = {
			isa = PBXGroup;
			children = (
				188FF2FA1E9E5C6B00C7A6A1 /* FaceBook */,
				181C01A81E81968D002DD9AF /* UserNotifications.framework */,
				180D49D41E7C79E300B24080 /* RxCocoa.framework */,
				180D49D51E7C79E300B24080 /* RxSwift.framework */,
				440E8FC52CBF8C1539CC8F7C /* Pods_Delvo.framework */,
			);
			name = Frameworks;
			sourceTree = "<group>";
		};
		F3033DC40CF87A730FF97B4D /* Pods */ = {
			isa = PBXGroup;
			children = (
				7C95A5EDFAE3A0C92D03F3C2 /* Pods-Delvo.debug.xcconfig */,
				0D64B710A25DDD50246B318D /* Pods-Delvo.release.xcconfig */,
			);
			name = Pods;
			sourceTree = "<group>";
		};
/* End PBXGroup section */

/* Begin PBXNativeTarget section */
		18C424301E4F8D4D005E5546 /* Delvo */ = {
			isa = PBXNativeTarget;
			buildConfigurationList = 18C424431E4F8D4D005E5546 /* Build configuration list for PBXNativeTarget "Delvo" */;
			buildPhases = (
				40DB07AAB625F1EB795D59A0 /* [CP] Check Pods Manifest.lock */,
				18C4242D1E4F8D4D005E5546 /* Sources */,
				18C4242E1E4F8D4D005E5546 /* Frameworks */,
				18C4242F1E4F8D4D005E5546 /* Resources */,
				7FAD9EB850166D8A65DE8F30 /* [CP] Embed Pods Frameworks */,
				737901A5AC075365CE129F50 /* [CP] Copy Pods Resources */,
			);
			buildRules = (
			);
			dependencies = (
			);
			name = Delvo;
			productName = Delvo;
			productReference = 18C424311E4F8D4D005E5546 /* Delvo.app */;
			productType = "com.apple.product-type.application";
		};
/* End PBXNativeTarget section */

/* Begin PBXProject section */
		18C424291E4F8D4D005E5546 /* Project object */ = {
			isa = PBXProject;
			attributes = {
				LastSwiftUpdateCheck = 0820;
				LastUpgradeCheck = 0820;
				ORGANIZATIONNAME = Apple;
				TargetAttributes = {
					18C424301E4F8D4D005E5546 = {
						CreatedOnToolsVersion = 8.2.1;
						DevelopmentTeam = 2ZHT2AXTR7;
						LastSwiftMigration = 0820;
						ProvisioningStyle = Automatic;
						SystemCapabilities = {
							com.apple.Push = {
								enabled = 1;
							};
						};
					};
				};
			};
			buildConfigurationList = 18C4242C1E4F8D4D005E5546 /* Build configuration list for PBXProject "Delvo" */;
			compatibilityVersion = "Xcode 3.2";
			developmentRegion = English;
			hasScannedForEncodings = 0;
			knownRegions = (
				en,
				Base,
			);
			mainGroup = 18C424281E4F8D4D005E5546;
			productRefGroup = 18C424321E4F8D4D005E5546 /* Products */;
			projectDirPath = "";
			projectRoot = "";
			targets = (
				18C424301E4F8D4D005E5546 /* Delvo */,
			);
		};
/* End PBXProject section */

/* Begin PBXResourcesBuildPhase section */
		18C4242F1E4F8D4D005E5546 /* Resources */ = {
			isa = PBXResourcesBuildPhase;
			buildActionMask = 2147483647;
			files = (
				1888D3681E681539009FEBA0 /* MyOrders.storyboard in Resources */,
				1888D3701E68295B009FEBA0 /* MyOrderCell.xib in Resources */,
				18D7FE4A1E962B05008E387F /* MyProfile.storyboard in Resources */,
				181316EF1E50A7BF00910ADB /* Main.storyboard in Resources */,
				18F024F11EA4C4B700088A9F /* MapStyle.json in Resources */,
				18C4243F1E4F8D4D005E5546 /* LaunchScreen.storyboard in Resources */,
				18C4243C1E4F8D4D005E5546 /* Assets.xcassets in Resources */,
			);
			runOnlyForDeploymentPostprocessing = 0;
		};
/* End PBXResourcesBuildPhase section */

/* Begin PBXShellScriptBuildPhase section */
		40DB07AAB625F1EB795D59A0 /* [CP] Check Pods Manifest.lock */ = {
			isa = PBXShellScriptBuildPhase;
			buildActionMask = 2147483647;
			files = (
			);
			inputPaths = (
			);
			name = "[CP] Check Pods Manifest.lock";
			outputPaths = (
			);
			runOnlyForDeploymentPostprocessing = 0;
			shellPath = /bin/sh;
			shellScript = "diff \"${PODS_ROOT}/../Podfile.lock\" \"${PODS_ROOT}/Manifest.lock\" > /dev/null\nif [ $? != 0 ] ; then\n    # print error to STDERR\n    echo \"error: The sandbox is not in sync with the Podfile.lock. Run 'pod install' or update your CocoaPods installation.\" >&2\n    exit 1\nfi\n";
			showEnvVarsInLog = 0;
		};
		737901A5AC075365CE129F50 /* [CP] Copy Pods Resources */ = {
			isa = PBXShellScriptBuildPhase;
			buildActionMask = 2147483647;
			files = (
			);
			inputPaths = (
			);
			name = "[CP] Copy Pods Resources";
			outputPaths = (
			);
			runOnlyForDeploymentPostprocessing = 0;
			shellPath = /bin/sh;
			shellScript = "\"${SRCROOT}/Pods/Target Support Files/Pods-Delvo/Pods-Delvo-resources.sh\"\n";
			showEnvVarsInLog = 0;
		};
		7FAD9EB850166D8A65DE8F30 /* [CP] Embed Pods Frameworks */ = {
			isa = PBXShellScriptBuildPhase;
			buildActionMask = 2147483647;
			files = (
			);
			inputPaths = (
			);
			name = "[CP] Embed Pods Frameworks";
			outputPaths = (
			);
			runOnlyForDeploymentPostprocessing = 0;
			shellPath = /bin/sh;
			shellScript = "\"${SRCROOT}/Pods/Target Support Files/Pods-Delvo/Pods-Delvo-frameworks.sh\"\n";
			showEnvVarsInLog = 0;
		};
/* End PBXShellScriptBuildPhase section */

/* Begin PBXSourcesBuildPhase section */
		18C4242D1E4F8D4D005E5546 /* Sources */ = {
			isa = PBXSourcesBuildPhase;
			buildActionMask = 2147483647;
			files = (
				1888D36C1E68192A009FEBA0 /* MyOrdersVC.swift in Sources */,
				1893A1701EA9E99E005589E1 /* VerifyUser.swift in Sources */,
				18C424591E4FAE36005E5546 /* Geocoding.swift in Sources */,
				188FF2F91E9E1B3000C7A6A1 /* UserSetPasswordVc.swift in Sources */,
				18C424551E4FA899005E5546 /* SearchViewController.swift in Sources */,
				18C424351E4F8D4D005E5546 /* AppDelegate.swift in Sources */,
				181316F71E51C7CB00910ADB /* DelvoMethods.swift in Sources */,
				1854BD791E52233A00AB9F55 /* ApiParsing.swift in Sources */,
				188FF02E1E9CECC7002CEEDF /* PlanCollectionCell.swift in Sources */,
				188E1FCC1E59B99B009508CD /* UIColor+AddColor.swift in Sources */,
				18C424511E4FA46F005E5546 /* PickUpViewController.swift in Sources */,
				18CFDB2C1EA885C100CF0538 /* DropDetailsVc.swift in Sources */,
				181316F51E51A89D00910ADB /* SearchTableViewCell.swift in Sources */,
				18AA995C1E5B02EE004EECD3 /* UIImageView+ChangeTintColor.swift in Sources */,
				18BBBD071EA7786000DBD57E /* PickUpDetails.swift in Sources */,
				18C4244C1E4FA20C005E5546 /* SWRevealViewController.m in Sources */,
				18C4244F1E4FA290005E5546 /* MapViewController.swift in Sources */,
				189289EA1E66E07400892ACC /* OrderDescClassMethods.swift in Sources */,
				18C424571E4FACCF005E5546 /* OrderDescriptionViewController.swift in Sources */,
				18C4245B1E4FAE9E005E5546 /* SideMenuViewController.swift in Sources */,
				180D49D11E7C772B00B24080 /* SideMenuDataModel.swift in Sources */,
				18C4245D1E4FAF99005E5546 /* SideTableCell.swift in Sources */,
				18A30B731E9269340062BB57 /* UserSignUpVC.swift in Sources */,
				181E64061E70076300918739 /* Model.swift in Sources */,
				188CDBEB1E9B9CC70054EDCE /* CollectionViewController.swift in Sources */,
				180D49D91E7C920A00B24080 /* SearchModel.swift in Sources */,
				18D7FE4C1E962B2F008E387F /* MyProfileVc.swift in Sources */,
				1888D36F1E68295B009FEBA0 /* MyOrderCell.swift in Sources */,
				18BBBD091EA7985700DBD57E /* InitialVc.swift in Sources */,
				18A30B6B1E92273E0062BB57 /* UserSignIn.swift in Sources */,
				18C424531E4FA738005E5546 /* DropViewController.swift in Sources */,
			);
			runOnlyForDeploymentPostprocessing = 0;
		};
/* End PBXSourcesBuildPhase section */

/* Begin PBXVariantGroup section */
		18C4243D1E4F8D4D005E5546 /* LaunchScreen.storyboard */ = {
			isa = PBXVariantGroup;
			children = (
				18C4243E1E4F8D4D005E5546 /* Base */,
			);
			name = LaunchScreen.storyboard;
			sourceTree = "<group>";
		};
/* End PBXVariantGroup section */

/* Begin XCBuildConfiguration section */
		18C424411E4F8D4D005E5546 /* Debug */ = {
			isa = XCBuildConfiguration;
			buildSettings = {
				ALWAYS_SEARCH_USER_PATHS = NO;
				CLANG_ANALYZER_NONNULL = YES;
				CLANG_CXX_LANGUAGE_STANDARD = "gnu++0x";
				CLANG_CXX_LIBRARY = "libc++";
				CLANG_ENABLE_MODULES = YES;
				CLANG_ENABLE_OBJC_ARC = YES;
				CLANG_WARN_BOOL_CONVERSION = YES;
				CLANG_WARN_CONSTANT_CONVERSION = YES;
				CLANG_WARN_DIRECT_OBJC_ISA_USAGE = YES_ERROR;
				CLANG_WARN_DOCUMENTATION_COMMENTS = YES;
				CLANG_WARN_EMPTY_BODY = YES;
				CLANG_WARN_ENUM_CONVERSION = YES;
				CLANG_WARN_INFINITE_RECURSION = YES;
				CLANG_WARN_INT_CONVERSION = YES;
				CLANG_WARN_OBJC_ROOT_CLASS = YES_ERROR;
				CLANG_WARN_SUSPICIOUS_MOVE = YES;
				CLANG_WARN_UNREACHABLE_CODE = YES;
				CLANG_WARN__DUPLICATE_METHOD_MATCH = YES;
				CODE_SIGN_IDENTITY = "iPhone Developer: kashif Saeed (8N2Y6MD5ND)";
				"CODE_SIGN_IDENTITY[sdk=iphoneos*]" = "iPhone Developer: kashif Saeed (8N2Y6MD5ND)";
				COPY_PHASE_STRIP = NO;
				DEBUG_INFORMATION_FORMAT = dwarf;
				ENABLE_STRICT_OBJC_MSGSEND = YES;
				ENABLE_TESTABILITY = YES;
				GCC_C_LANGUAGE_STANDARD = gnu99;
				GCC_DYNAMIC_NO_PIC = NO;
				GCC_NO_COMMON_BLOCKS = YES;
				GCC_OPTIMIZATION_LEVEL = 0;
				GCC_PREPROCESSOR_DEFINITIONS = (
					"DEBUG=1",
					"$(inherited)",
				);
				GCC_WARN_64_TO_32_BIT_CONVERSION = YES;
				GCC_WARN_ABOUT_RETURN_TYPE = YES_ERROR;
				GCC_WARN_UNDECLARED_SELECTOR = YES;
				GCC_WARN_UNINITIALIZED_AUTOS = YES_AGGRESSIVE;
				GCC_WARN_UNUSED_FUNCTION = YES;
				GCC_WARN_UNUSED_VARIABLE = YES;
				IPHONEOS_DEPLOYMENT_TARGET = 9.3;
				MTL_ENABLE_DEBUG_INFO = YES;
				ONLY_ACTIVE_ARCH = YES;
				SDKROOT = iphoneos;
				SWIFT_ACTIVE_COMPILATION_CONDITIONS = DEBUG;
				SWIFT_OPTIMIZATION_LEVEL = "-Onone";
				TARGETED_DEVICE_FAMILY = "1,2";
			};
			name = Debug;
		};
		18C424421E4F8D4D005E5546 /* Release */ = {
			isa = XCBuildConfiguration;
			buildSettings = {
				ALWAYS_SEARCH_USER_PATHS = NO;
				CLANG_ANALYZER_NONNULL = YES;
				CLANG_CXX_LANGUAGE_STANDARD = "gnu++0x";
				CLANG_CXX_LIBRARY = "libc++";
				CLANG_ENABLE_MODULES = YES;
				CLANG_ENABLE_OBJC_ARC = YES;
				CLANG_WARN_BOOL_CONVERSION = YES;
				CLANG_WARN_CONSTANT_CONVERSION = YES;
				CLANG_WARN_DIRECT_OBJC_ISA_USAGE = YES_ERROR;
				CLANG_WARN_DOCUMENTATION_COMMENTS = YES;
				CLANG_WARN_EMPTY_BODY = YES;
				CLANG_WARN_ENUM_CONVERSION = YES;
				CLANG_WARN_INFINITE_RECURSION = YES;
				CLANG_WARN_INT_CONVERSION = YES;
				CLANG_WARN_OBJC_ROOT_CLASS = YES_ERROR;
				CLANG_WARN_SUSPICIOUS_MOVE = YES;
				CLANG_WARN_UNREACHABLE_CODE = YES;
				CLANG_WARN__DUPLICATE_METHOD_MATCH = YES;
				CODE_SIGN_IDENTITY = "";
				"CODE_SIGN_IDENTITY[sdk=iphoneos*]" = "iPhone Developer";
				COPY_PHASE_STRIP = NO;
				DEBUG_INFORMATION_FORMAT = "dwarf-with-dsym";
				ENABLE_NS_ASSERTIONS = NO;
				ENABLE_STRICT_OBJC_MSGSEND = YES;
				GCC_C_LANGUAGE_STANDARD = gnu99;
				GCC_NO_COMMON_BLOCKS = YES;
				GCC_WARN_64_TO_32_BIT_CONVERSION = YES;
				GCC_WARN_ABOUT_RETURN_TYPE = YES_ERROR;
				GCC_WARN_UNDECLARED_SELECTOR = YES;
				GCC_WARN_UNINITIALIZED_AUTOS = YES_AGGRESSIVE;
				GCC_WARN_UNUSED_FUNCTION = YES;
				GCC_WARN_UNUSED_VARIABLE = YES;
				IPHONEOS_DEPLOYMENT_TARGET = 9.3;
				MTL_ENABLE_DEBUG_INFO = NO;
				SDKROOT = iphoneos;
				SWIFT_OPTIMIZATION_LEVEL = "-Owholemodule";
				TARGETED_DEVICE_FAMILY = "1,2";
				VALIDATE_PRODUCT = YES;
			};
			name = Release;
		};
		18C424441E4F8D4D005E5546 /* Debug */ = {
			isa = XCBuildConfiguration;
			baseConfigurationReference = 7C95A5EDFAE3A0C92D03F3C2 /* Pods-Delvo.debug.xcconfig */;
			buildSettings = {
				ASSETCATALOG_COMPILER_APPICON_NAME = AppIcon;
				CLANG_ENABLE_MODULES = YES;
				CODE_SIGN_ENTITLEMENTS = Delvo/Delvo.entitlements;
				CODE_SIGN_IDENTITY = "iPhone Developer: kashif Saeed (8N2Y6MD5ND)";
				DEVELOPMENT_TEAM = 2ZHT2AXTR7;
				FRAMEWORK_SEARCH_PATHS = (
					"$(inherited)",
					"\"$PODS_CONFIGURATION_BUILD_DIR/Alamofire\"",
					"\"$PODS_CONFIGURATION_BUILD_DIR/NVActivityIndicatorView\"",
					"\"$PODS_CONFIGURATION_BUILD_DIR/Toast-Swift\"",
					"\"${PODS_ROOT}/GoogleMaps/Base/Frameworks\"",
					"\"${PODS_ROOT}/GoogleMaps/Maps/Frameworks\"",
					"\"${PODS_ROOT}/GooglePlacePicker/Frameworks\"",
					"\"${PODS_ROOT}/GooglePlaces/Frameworks\"",
					"$(SRCROOT)",
					"$(PROJECT_DIR)",
				);
				INFOPLIST_FILE = Delvo/Info.plist;
				IPHONEOS_DEPLOYMENT_TARGET = 10.2;
				LD_RUNPATH_SEARCH_PATHS = "$(inherited) @executable_path/Frameworks";
				"OTHER_LDFLAGS[arch=*]" = " $(inherited) ";
				PRODUCT_BUNDLE_IDENTIFIER = com.attribesolutions.DelvoApp;
				PRODUCT_NAME = "$(TARGET_NAME)";
				SWIFT_OBJC_BRIDGING_HEADER = "Delvo/Delvo-Bridging-Header.h";
				SWIFT_OPTIMIZATION_LEVEL = "-Onone";
				SWIFT_VERSION = 3.0;
			};
			name = Debug;
		};
		18C424451E4F8D4D005E5546 /* Release */ = {
			isa = XCBuildConfiguration;
			baseConfigurationReference = 0D64B710A25DDD50246B318D /* Pods-Delvo.release.xcconfig */;
			buildSettings = {
				ASSETCATALOG_COMPILER_APPICON_NAME = AppIcon;
				CLANG_ENABLE_MODULES = YES;
				CODE_SIGN_ENTITLEMENTS = Delvo/Delvo.entitlements;
				CODE_SIGN_IDENTITY = "iPhone Developer: kashif Saeed (8N2Y6MD5ND)";
				DEVELOPMENT_TEAM = 2ZHT2AXTR7;
				FRAMEWORK_SEARCH_PATHS = (
					"$(inherited)",
					"\"$PODS_CONFIGURATION_BUILD_DIR/Alamofire\"",
					"\"$PODS_CONFIGURATION_BUILD_DIR/NVActivityIndicatorView\"",
					"\"$PODS_CONFIGURATION_BUILD_DIR/Toast-Swift\"",
					"\"${PODS_ROOT}/GoogleMaps/Base/Frameworks\"",
					"\"${PODS_ROOT}/GoogleMaps/Maps/Frameworks\"",
					"\"${PODS_ROOT}/GooglePlacePicker/Frameworks\"",
					"\"${PODS_ROOT}/GooglePlaces/Frameworks\"",
					"$(SRCROOT)",
					"$(PROJECT_DIR)",
				);
				INFOPLIST_FILE = Delvo/Info.plist;
				IPHONEOS_DEPLOYMENT_TARGET = 10.2;
				LD_RUNPATH_SEARCH_PATHS = "$(inherited) @executable_path/Frameworks";
				PRODUCT_BUNDLE_IDENTIFIER = com.attribesolutions.DelvoApp;
				PRODUCT_NAME = "$(TARGET_NAME)";
				SWIFT_OBJC_BRIDGING_HEADER = "Delvo/Delvo-Bridging-Header.h";
				SWIFT_VERSION = 3.0;
			};
			name = Release;
		};
/* End XCBuildConfiguration section */

/* Begin XCConfigurationList section */
		18C4242C1E4F8D4D005E5546 /* Build configuration list for PBXProject "Delvo" */ = {
			isa = XCConfigurationList;
			buildConfigurations = (
				18C424411E4F8D4D005E5546 /* Debug */,
				18C424421E4F8D4D005E5546 /* Release */,
			);
			defaultConfigurationIsVisible = 0;
			defaultConfigurationName = Release;
		};
		18C424431E4F8D4D005E5546 /* Build configuration list for PBXNativeTarget "Delvo" */ = {
			isa = XCConfigurationList;
			buildConfigurations = (
				18C424441E4F8D4D005E5546 /* Debug */,
				18C424451E4F8D4D005E5546 /* Release */,
			);
			defaultConfigurationIsVisible = 0;
			defaultConfigurationName = Release;
		};
/* End XCConfigurationList section */
	};
	rootObject = 18C424291E4F8D4D005E5546 /* Project object */;
}
